
Microsoft Visual Studio Solution File, Format Version 12.00
# Visual Studio Version 16
VisualStudioVersion = 16.0.31702.278
MinimumVisualStudioVersion = 10.0.40219.1
Project("{9A19103F-16F7-4668-BE54-9A1E7A4F7556}") = "DisCatSharp.Support", "DisCatSharp.Support.csproj", "{4E8E533E-A6EF-4F19-BCDA-5AB620DA500C}"
EndProject
Project("{2150E333-8FDC-42A3-9474-1A3956D46DE8}") = "Internals", "Internals", "{14896883-1BFD-406A-9946-74477A451490}"
	ProjectSection(SolutionItems) = preProject
		.editorconfig = .editorconfig
		.gitignore = .gitignore
		CODE_OF_CONDUCT.md = CODE_OF_CONDUCT.md
		CONTRIBUTING.md = CONTRIBUTING.md
		LICENSE = LICENSE
		README.md = README.md
	EndProjectSection
EndProject
Global
	GlobalSection(SolutionConfigurationPlatforms) = preSolution
		Debug|Any CPU = Debug|Any CPU
		Release|Any CPU = Release|Any CPU
	EndGlobalSection
	GlobalSection(ProjectConfigurationPlatforms) = postSolution
		{4E8E533E-A6EF-4F19-BCDA-5AB620DA500C}.Debug|Any CPU.ActiveCfg = Debug|Any CPU
		{4E8E533E-A6EF-4F19-BCDA-5AB620DA500C}.Debug|Any CPU.Build.0 = Debug|Any CPU
		{4E8E533E-A6EF-4F19-BCDA-5AB620DA500C}.Release|Any CPU.ActiveCfg = Release|Any CPU
		{4E8E533E-A6EF-4F19-BCDA-5AB620DA500C}.Release|Any CPU.Build.0 = Release|Any CPU
	EndGlobalSection
	GlobalSection(SolutionProperties) = preSolution
		HideSolutionNode = FALSE
	EndGlobalSection
	GlobalSection(ExtensibilityGlobals) = postSolution
		SolutionGuid = {B6417288-6FB2-434B-913E-838DB4AE85A5}
	EndGlobalSection
EndGlobal
